
Microsoft Visual Studio Solution File, Format Version 12.00
# Visual Studio 15
Project("{2150E333-8FDC-42A3-9474-1A3956D46DE8}") = "src", "src", "{610369E7-0EA7-40AF-BFAD-700068BAF04F}"
EndProject
Project("{FAE04EC0-301F-11D3-BF4B-00C04F79EFBC}") = "Masterloop.Plugin.Application", "src\Masterloop.Plugin.Application\Masterloop.Plugin.Application.csproj", "{DEDBC216-7FCB-404C-8F21-9EC54BCFD823}"
EndProject
Project("{2150E333-8FDC-42A3-9474-1A3956D46DE8}") = "Solution Items", "Solution Items", "{70C81D10-7A77-46E7-9FF2-70775AC592A5}"
	ProjectSection(SolutionItems) = preProject
		README.md = README.md
		LICENSE.txt = LICENSE.txt
	EndProjectSection
EndProject
Project("{2150E333-8FDC-42A3-9474-1A3956D46DE8}") = "submodules", "submodules", "{50FD4255-A765-4553-8E4F-90A3A91EED0B}"
EndProject
Project("{FAE04EC0-301F-11D3-BF4B-00C04F79EFBC}") = "Masterloop.Core.Types", "submodules\Masterloop.Core.Types\src\Masterloop.Core.Types\Masterloop.Core.Types.csproj", "{603AEB9C-5201-4EC2-8A57-05DC88210132}"
EndProject
Project("{2150E333-8FDC-42A3-9474-1A3956D46DE8}") = "tests", "tests", "{537ED9AA-74DB-427C-95D3-81BD84563C3A}"
EndProject
Project("{FAE04EC0-301F-11D3-BF4B-00C04F79EFBC}") = "Masterloop.Plugin.Application.Tests", "tests\Masterloop.Plugin.Application.Tests\Masterloop.Plugin.Application.Tests.csproj", "{DF108B47-5E80-4CC4-A87D-2FA41B5783AC}"
EndProject
Project("{FAE04EC0-301F-11D3-BF4B-00C04F79EFBC}") = "Masterloop.Plugin.Application.LongTests", "tests\Masterloop.Plugin.Application.LongTests\Masterloop.Plugin.Application.LongTests.csproj", "{738FBE45-CEB4-4232-84D2-19356176FB3B}"
EndProject
Global
	GlobalSection(SolutionConfigurationPlatforms) = preSolution
		Debug|Any CPU = Debug|Any CPU
		Release|Any CPU = Release|Any CPU
	EndGlobalSection
	GlobalSection(ProjectConfigurationPlatforms) = postSolution
		{DEDBC216-7FCB-404C-8F21-9EC54BCFD823}.Debug|Any CPU.ActiveCfg = Debug|Any CPU
		{DEDBC216-7FCB-404C-8F21-9EC54BCFD823}.Debug|Any CPU.Build.0 = Debug|Any CPU
		{DEDBC216-7FCB-404C-8F21-9EC54BCFD823}.Release|Any CPU.ActiveCfg = Release|Any CPU
		{DEDBC216-7FCB-404C-8F21-9EC54BCFD823}.Release|Any CPU.Build.0 = Release|Any CPU
		{603AEB9C-5201-4EC2-8A57-05DC88210132}.Debug|Any CPU.ActiveCfg = Debug|Any CPU
		{603AEB9C-5201-4EC2-8A57-05DC88210132}.Debug|Any CPU.Build.0 = Debug|Any CPU
		{603AEB9C-5201-4EC2-8A57-05DC88210132}.Release|Any CPU.ActiveCfg = Release|Any CPU
		{603AEB9C-5201-4EC2-8A57-05DC88210132}.Release|Any CPU.Build.0 = Release|Any CPU
		{DF108B47-5E80-4CC4-A87D-2FA41B5783AC}.Debug|Any CPU.ActiveCfg = Debug|Any CPU
		{DF108B47-5E80-4CC4-A87D-2FA41B5783AC}.Debug|Any CPU.Build.0 = Debug|Any CPU
		{DF108B47-5E80-4CC4-A87D-2FA41B5783AC}.Release|Any CPU.ActiveCfg = Release|Any CPU
		{DF108B47-5E80-4CC4-A87D-2FA41B5783AC}.Release|Any CPU.Build.0 = Release|Any CPU
		{738FBE45-CEB4-4232-84D2-19356176FB3B}.Debug|Any CPU.ActiveCfg = Debug|Any CPU
		{738FBE45-CEB4-4232-84D2-19356176FB3B}.Debug|Any CPU.Build.0 = Debug|Any CPU
		{738FBE45-CEB4-4232-84D2-19356176FB3B}.Release|Any CPU.ActiveCfg = Release|Any CPU
		{738FBE45-CEB4-4232-84D2-19356176FB3B}.Release|Any CPU.Build.0 = Release|Any CPU
	EndGlobalSection
	GlobalSection(NestedProjects) = preSolution
		{DEDBC216-7FCB-404C-8F21-9EC54BCFD823} = {610369E7-0EA7-40AF-BFAD-700068BAF04F}
		{603AEB9C-5201-4EC2-8A57-05DC88210132} = {50FD4255-A765-4553-8E4F-90A3A91EED0B}
		{DF108B47-5E80-4CC4-A87D-2FA41B5783AC} = {537ED9AA-74DB-427C-95D3-81BD84563C3A}
		{738FBE45-CEB4-4232-84D2-19356176FB3B} = {537ED9AA-74DB-427C-95D3-81BD84563C3A}
	EndGlobalSection
	GlobalSection(MonoDevelopProperties) = preSolution
		version = 6.3.4-rc
		Policies = $0
		$0.DotNetNamingPolicy = $1
		$1.DirectoryNamespaceAssociation = PrefixedHierarchical
		$0.TextStylePolicy = $2
		$2.inheritsSet = null
		$2.scope = text/x-csharp
		$0.CSharpFormattingPolicy = $3
		$3.scope = text/x-csharp
		$0.StandardHeader = $4
		$0.VersionControlPolicy = $5
	EndGlobalSection
EndGlobal
